# This file is automatically @generated by Poetry 1.7.1 and should not be changed by hand.

[[package]]
name = "av"
version = "11.0.0"
description = "Pythonic bindings for FFmpeg's libraries."
optional = false
python-versions = ">=3.8"
files = [
    {file = "av-11.0.0-cp310-cp310-macosx_10_9_x86_64.whl", hash = "sha256:a01f13b37eb6d181e03bbbbda29093fe2d68f10755795188220acdc89560ec27"},
    {file = "av-11.0.0-cp310-cp310-macosx_11_0_arm64.whl", hash = "sha256:b2236faee1b5d71dff3cdef81ef6eec22cc8b71dbfb45eb037e6437fe80f24e7"},
    {file = "av-11.0.0-cp310-cp310-manylinux_2_17_aarch64.manylinux2014_aarch64.whl", hash = "sha256:40543a08e5c84aecd2bc84da5d43548743201897f0ba21bf5ae3a4dcddefca2b"},
    {file = "av-11.0.0-cp310-cp310-manylinux_2_17_i686.manylinux2014_i686.whl", hash = "sha256:2907376884d956376aaf3bc1905fa4e0dcb9ba4e0d183e519392a19d89317d1b"},
    {file = "av-11.0.0-cp310-cp310-manylinux_2_17_x86_64.manylinux2014_x86_64.whl", hash = "sha256:e8d5581dcdc81cd601e3ce036809f14da82c46ff187bcefe981ec819390e0ab0"},
    {file = "av-11.0.0-cp310-cp310-win_amd64.whl", hash = "sha256:150490f2a62cfa470f3cb60f3a0060ff93afd807e2b7b3b0eeeb5a992eb8d67b"},
    {file = "av-11.0.0-cp311-cp311-macosx_10_9_x86_64.whl", hash = "sha256:d9bac0de62f09e2cb4e2132b5a46a89bc31c898189aa285b484c17351d991afe"},
    {file = "av-11.0.0-cp311-cp311-macosx_11_0_arm64.whl", hash = "sha256:2122ff8bdace4ce50207920f37de472517921e2ca1f0503464f748fdb8e20506"},
    {file = "av-11.0.0-cp311-cp311-manylinux_2_17_aarch64.manylinux2014_aarch64.whl", hash = "sha256:527d840697fee6ad4cf47eba987eaf30cd76bd96b2d20eaa907e166b9b8065c8"},
    {file = "av-11.0.0-cp311-cp311-manylinux_2_17_i686.manylinux2014_i686.whl", hash = "sha256:abeaedddfca9101886eb6fc47318c5f5ece8480d330d73aacf6917d7421981a2"},
    {file = "av-11.0.0-cp311-cp311-manylinux_2_17_x86_64.manylinux2014_x86_64.whl", hash = "sha256:13790fbb889b955baf885fe3761e923e85537ef414173465ec293177cedb7b99"},
    {file = "av-11.0.0-cp311-cp311-win_amd64.whl", hash = "sha256:fc27e27f52480287f44226ad4ae3eb53346bf027959d0f00a9154530bd98b371"},
    {file = "av-11.0.0-cp312-cp312-macosx_10_9_x86_64.whl", hash = "sha256:892583e2c6b8c2500e5d24310f499caefcdaa2e48c8f7169ad41041aaaf4da11"},
    {file = "av-11.0.0-cp312-cp312-macosx_11_0_arm64.whl", hash = "sha256:6943679d70a9f4de974049e7ae2cf0b20afe0d7ddab650526c02a6cf9adcd08f"},
    {file = "av-11.0.0-cp312-cp312-manylinux_2_17_aarch64.manylinux2014_aarch64.whl", hash = "sha256:e6d73b038ccf1df5c16bc643eee5c694fb7732e09375e2f4903c1f4ce90dfb72"},
    {file = "av-11.0.0-cp312-cp312-manylinux_2_17_i686.manylinux2014_i686.whl", hash = "sha256:c83422db3333e97b9680700df5185139352fc3a568b14179da3bdcbeb2f0e91b"},
    {file = "av-11.0.0-cp312-cp312-manylinux_2_17_x86_64.manylinux2014_x86_64.whl", hash = "sha256:8413900f6a3639e0088c018a3a516a1656d4d16799e7aa759a16ddf3bd268e2b"},
    {file = "av-11.0.0-cp312-cp312-win_amd64.whl", hash = "sha256:908e49ee336223801d8f2f7dca5a1deb64e9d8256138b8e7a79013b682a6ebb5"},
    {file = "av-11.0.0-cp38-cp38-macosx_10_9_x86_64.whl", hash = "sha256:82411ae4a562da07b76028d2f349fb0e6a86aa78ad2b18d2d7bf5b06b17fba14"},
    {file = "av-11.0.0-cp38-cp38-macosx_11_0_arm64.whl", hash = "sha256:621104bd63e38fa4eca554da3722b1aac329619de39152f27eec8999acc72342"},
    {file = "av-11.0.0-cp38-cp38-manylinux_2_17_aarch64.manylinux2014_aarch64.whl", hash = "sha256:442878990c094455a16c10127edcc54bc4e78d355e6a13ad2a27608b0ecda38f"},
    {file = "av-11.0.0-cp38-cp38-manylinux_2_17_i686.manylinux2014_i686.whl", hash = "sha256:658199c92987dc72511f5ee8ade62faef6234b7a04c8b5788de99e366be5e073"},
    {file = "av-11.0.0-cp38-cp38-manylinux_2_17_x86_64.manylinux2014_x86_64.whl", hash = "sha256:ad4b381665c49267b46f87297573898b85e5c41384750fee2e70267fbc4ba318"},
    {file = "av-11.0.0-cp38-cp38-win_amd64.whl", hash = "sha256:60de14f71293e36ca4e297cc8a8460f0cf74f38a201694f3c6fc7f40301582f2"},
    {file = "av-11.0.0-cp39-cp39-macosx_10_9_x86_64.whl", hash = "sha256:a90f04af96374dab94028a7471597bdfcf03083338b9be2eb8ca4805a8ec7ab5"},
    {file = "av-11.0.0-cp39-cp39-macosx_11_0_arm64.whl", hash = "sha256:8821ab2d23e4cb5c8abea6b08d2b1bfceca6af2d88fab1d1dc1b3ec7b34933c7"},
    {file = "av-11.0.0-cp39-cp39-manylinux_2_17_aarch64.manylinux2014_aarch64.whl", hash = "sha256:9a92342ed307eeaf9509a6b0f3bafd4337c4880c851b50acc18df48c625b63b6"},
    {file = "av-11.0.0-cp39-cp39-manylinux_2_17_i686.manylinux2014_i686.whl", hash = "sha256:bbe3502975bc844f5d432c1f24d331bf6ef3e05532ebf06f7ed08b60719b8ea5"},
    {file = "av-11.0.0-cp39-cp39-manylinux_2_17_x86_64.manylinux2014_x86_64.whl", hash = "sha256:c278b3a4fd111b4c9190abe6b1a5ca358d5f91e851d470b62577b957e0187b09"},
    {file = "av-11.0.0-cp39-cp39-win_amd64.whl", hash = "sha256:478aa1d54fbc3058ea65ff41086b6adbe1326b456a027d2f3b59dbe60b4ac2ca"},
    {file = "av-11.0.0-pp310-pypy310_pp73-macosx_10_9_x86_64.whl", hash = "sha256:e8df10bb2d56a981d02a8a0b41491912b76dad06305d174a2575ef55ad451100"},
    {file = "av-11.0.0-pp310-pypy310_pp73-manylinux_2_17_aarch64.manylinux2014_aarch64.whl", hash = "sha256:b30c51e597785a89241bd61865faff2dbd3327856a8285a1e120dbf60e18348b"},
    {file = "av-11.0.0-pp310-pypy310_pp73-manylinux_2_17_i686.manylinux2014_i686.whl", hash = "sha256:a8b8bd92edb096699b306e7b090ad096925ca3bdae6f89656f023fa2a2da627d"},
    {file = "av-11.0.0-pp310-pypy310_pp73-manylinux_2_17_x86_64.manylinux2014_x86_64.whl", hash = "sha256:9383af733abfc44f6fc29307a6c922fbf671ee343dc97b78b74eac6a2346a46d"},
    {file = "av-11.0.0-pp310-pypy310_pp73-win_amd64.whl", hash = "sha256:a9df4a60579198b560f641cdfe4c2139948a70193ddc096b275f2cf6d94e3e04"},
    {file = "av-11.0.0-pp38-pypy38_pp73-macosx_10_9_x86_64.whl", hash = "sha256:8ae5f7ae0a7093fb813686d4aa4c554531f80a28480427f5c155da51b747eff0"},
    {file = "av-11.0.0-pp38-pypy38_pp73-manylinux_2_17_aarch64.manylinux2014_aarch64.whl", hash = "sha256:50fb7d606f8236891d773c701d5650b93af8dbf78eeaac36fc7e1f7f64a9d664"},
    {file = "av-11.0.0-pp38-pypy38_pp73-manylinux_2_17_i686.manylinux2014_i686.whl", hash = "sha256:543e0f9bf6ff02dedbe66d906fbc89c8907c80a8ea7413fc3fed68ce4a6e9b44"},
    {file = "av-11.0.0-pp38-pypy38_pp73-manylinux_2_17_x86_64.manylinux2014_x86_64.whl", hash = "sha256:daa279c884457ab194ce78bdd89c0aa391af733da95fb3258d4c6eb8c258299a"},
    {file = "av-11.0.0-pp39-pypy39_pp73-macosx_10_9_x86_64.whl", hash = "sha256:1aacc21f4cf96447117a61edfb776afb73186750a5e08a21484ddfc3599aefb5"},
    {file = "av-11.0.0-pp39-pypy39_pp73-manylinux_2_17_aarch64.manylinux2014_aarch64.whl", hash = "sha256:2568b38eef777b916a5d02e42b8f67f92e12023531239ddd32e1ca4f3cdf8c5b"},
    {file = "av-11.0.0-pp39-pypy39_pp73-manylinux_2_17_i686.manylinux2014_i686.whl", hash = "sha256:747c6d347e27c59cc2e78c9c505d23cd88eceff0cc9386be73693ae9009a577c"},
    {file = "av-11.0.0-pp39-pypy39_pp73-manylinux_2_17_x86_64.manylinux2014_x86_64.whl", hash = "sha256:4bbd8f4941b9d3450eff40003b9b9d904667aec7ab085fa31f0f9bca32d755e0"},
    {file = "av-11.0.0-pp39-pypy39_pp73-win_amd64.whl", hash = "sha256:f39c1244ba0cf185b2722aeec116b8a98a2ee5728ce687cec0bda60ee0360dfc"},
    {file = "av-11.0.0.tar.gz", hash = "sha256:48223f000a252070f8e700ff634bb7fb3aa1b7bc7e450373029fbdd6f369ac31"},
]

[[package]]
name = "colorama"
version = "0.4.6"
description = "Cross-platform colored terminal text."
optional = false
python-versions = "!=3.0.*,!=3.1.*,!=3.2.*,!=3.3.*,!=3.4.*,!=3.5.*,!=3.6.*,>=2.7"
files = [
    {file = "colorama-0.4.6-py2.py3-none-any.whl", hash = "sha256:4f1d9991f5acc0ca119f9d443620b77f9d6b33703e51011c16baf57afb285fc6"},
    {file = "colorama-0.4.6.tar.gz", hash = "sha256:08695f5cb7ed6e0531a20572697297273c47b8cae5a63ffc6d6ed5c201be6e44"},
]

[[package]]
name = "iniconfig"
version = "2.0.0"
description = "brain-dead simple config-ini parsing"
optional = false
python-versions = ">=3.7"
files = [
    {file = "iniconfig-2.0.0-py3-none-any.whl", hash = "sha256:b6a85871a79d2e3b22d2d1b94ac2824226a63c6b741c88f7ae975f18b6778374"},
    {file = "iniconfig-2.0.0.tar.gz", hash = "sha256:2d91e135bf72d31a410b17c16da610a82cb55f6b0477d1a902134b24a455b8b3"},
]

[[package]]
name = "numpy"
version = "1.26.2"
description = "Fundamental package for array computing in Python"
optional = false
python-versions = ">=3.9"
files = [
    {file = "numpy-1.26.2-cp310-cp310-macosx_10_9_x86_64.whl", hash = "sha256:3703fc9258a4a122d17043e57b35e5ef1c5a5837c3db8be396c82e04c1cf9b0f"},
    {file = "numpy-1.26.2-cp310-cp310-macosx_11_0_arm64.whl", hash = "sha256:cc392fdcbd21d4be6ae1bb4475a03ce3b025cd49a9be5345d76d7585aea69440"},
    {file = "numpy-1.26.2-cp310-cp310-manylinux_2_17_aarch64.manylinux2014_aarch64.whl", hash = "sha256:36340109af8da8805d8851ef1d74761b3b88e81a9bd80b290bbfed61bd2b4f75"},
    {file = "numpy-1.26.2-cp310-cp310-manylinux_2_17_x86_64.manylinux2014_x86_64.whl", hash = "sha256:bcc008217145b3d77abd3e4d5ef586e3bdfba8fe17940769f8aa09b99e856c00"},
    {file = "numpy-1.26.2-cp310-cp310-musllinux_1_1_aarch64.whl", hash = "sha256:3ced40d4e9e18242f70dd02d739e44698df3dcb010d31f495ff00a31ef6014fe"},
    {file = "numpy-1.26.2-cp310-cp310-musllinux_1_1_x86_64.whl", hash = "sha256:b272d4cecc32c9e19911891446b72e986157e6a1809b7b56518b4f3755267523"},
    {file = "numpy-1.26.2-cp310-cp310-win32.whl", hash = "sha256:22f8fc02fdbc829e7a8c578dd8d2e15a9074b630d4da29cda483337e300e3ee9"},
    {file = "numpy-1.26.2-cp310-cp310-win_amd64.whl", hash = "sha256:26c9d33f8e8b846d5a65dd068c14e04018d05533b348d9eaeef6c1bd787f9919"},
    {file = "numpy-1.26.2-cp311-cp311-macosx_10_9_x86_64.whl", hash = "sha256:b96e7b9c624ef3ae2ae0e04fa9b460f6b9f17ad8b4bec6d7756510f1f6c0c841"},
    {file = "numpy-1.26.2-cp311-cp311-macosx_11_0_arm64.whl", hash = "sha256:aa18428111fb9a591d7a9cc1b48150097ba6a7e8299fb56bdf574df650e7d1f1"},
    {file = "numpy-1.26.2-cp311-cp311-manylinux_2_17_aarch64.manylinux2014_aarch64.whl", hash = "sha256:06fa1ed84aa60ea6ef9f91ba57b5ed963c3729534e6e54055fc151fad0423f0a"},
    {file = "numpy-1.26.2-cp311-cp311-manylinux_2_17_x86_64.manylinux2014_x86_64.whl", hash = "sha256:96ca5482c3dbdd051bcd1fce8034603d6ebfc125a7bd59f55b40d8f5d246832b"},
    {file = "numpy-1.26.2-cp311-cp311-musllinux_1_1_aarch64.whl", hash = "sha256:854ab91a2906ef29dc3925a064fcd365c7b4da743f84b123002f6139bcb3f8a7"},
    {file = "numpy-1.26.2-cp311-cp311-musllinux_1_1_x86_64.whl", hash = "sha256:f43740ab089277d403aa07567be138fc2a89d4d9892d113b76153e0e412409f8"},
    {file = "numpy-1.26.2-cp311-cp311-win32.whl", hash = "sha256:a2bbc29fcb1771cd7b7425f98b05307776a6baf43035d3b80c4b0f29e9545186"},
    {file = "numpy-1.26.2-cp311-cp311-win_amd64.whl", hash = "sha256:2b3fca8a5b00184828d12b073af4d0fc5fdd94b1632c2477526f6bd7842d700d"},
    {file = "numpy-1.26.2-cp312-cp312-macosx_10_9_x86_64.whl", hash = "sha256:a4cd6ed4a339c21f1d1b0fdf13426cb3b284555c27ac2f156dfdaaa7e16bfab0"},
    {file = "numpy-1.26.2-cp312-cp312-macosx_11_0_arm64.whl", hash = "sha256:5d5244aabd6ed7f312268b9247be47343a654ebea52a60f002dc70c769048e75"},
    {file = "numpy-1.26.2-cp312-cp312-manylinux_2_17_aarch64.manylinux2014_aarch64.whl", hash = "sha256:6a3cdb4d9c70e6b8c0814239ead47da00934666f668426fc6e94cce869e13fd7"},
    {file = "numpy-1.26.2-cp312-cp312-manylinux_2_17_x86_64.manylinux2014_x86_64.whl", hash = "sha256:aa317b2325f7aa0a9471663e6093c210cb2ae9c0ad824732b307d2c51983d5b6"},
    {file = "numpy-1.26.2-cp312-cp312-musllinux_1_1_aarch64.whl", hash = "sha256:174a8880739c16c925799c018f3f55b8130c1f7c8e75ab0a6fa9d41cab092fd6"},
    {file = "numpy-1.26.2-cp312-cp312-musllinux_1_1_x86_64.whl", hash = "sha256:f79b231bf5c16b1f39c7f4875e1ded36abee1591e98742b05d8a0fb55d8a3eec"},
    {file = "numpy-1.26.2-cp312-cp312-win32.whl", hash = "sha256:4a06263321dfd3598cacb252f51e521a8cb4b6df471bb12a7ee5cbab20ea9167"},
    {file = "numpy-1.26.2-cp312-cp312-win_amd64.whl", hash = "sha256:b04f5dc6b3efdaab541f7857351aac359e6ae3c126e2edb376929bd3b7f92d7e"},
    {file = "numpy-1.26.2-cp39-cp39-macosx_10_9_x86_64.whl", hash = "sha256:4eb8df4bf8d3d90d091e0146f6c28492b0be84da3e409ebef54349f71ed271ef"},
    {file = "numpy-1.26.2-cp39-cp39-macosx_11_0_arm64.whl", hash = "sha256:1a13860fdcd95de7cf58bd6f8bc5a5ef81c0b0625eb2c9a783948847abbef2c2"},
    {file = "numpy-1.26.2-cp39-cp39-manylinux_2_17_aarch64.manylinux2014_aarch64.whl", hash = "sha256:64308ebc366a8ed63fd0bf426b6a9468060962f1a4339ab1074c228fa6ade8e3"},
    {file = "numpy-1.26.2-cp39-cp39-manylinux_2_17_x86_64.manylinux2014_x86_64.whl", hash = "sha256:baf8aab04a2c0e859da118f0b38617e5ee65d75b83795055fb66c0d5e9e9b818"},
    {file = "numpy-1.26.2-cp39-cp39-musllinux_1_1_aarch64.whl", hash = "sha256:d73a3abcac238250091b11caef9ad12413dab01669511779bc9b29261dd50210"},
    {file = "numpy-1.26.2-cp39-cp39-musllinux_1_1_x86_64.whl", hash = "sha256:b361d369fc7e5e1714cf827b731ca32bff8d411212fccd29ad98ad622449cc36"},
    {file = "numpy-1.26.2-cp39-cp39-win32.whl", hash = "sha256:bd3f0091e845164a20bd5a326860c840fe2af79fa12e0469a12768a3ec578d80"},
    {file = "numpy-1.26.2-cp39-cp39-win_amd64.whl", hash = "sha256:2beef57fb031dcc0dc8fa4fe297a742027b954949cabb52a2a376c144e5e6060"},
    {file = "numpy-1.26.2-pp39-pypy39_pp73-macosx_10_9_x86_64.whl", hash = "sha256:1cc3d5029a30fb5f06704ad6b23b35e11309491c999838c31f124fee32107c79"},
    {file = "numpy-1.26.2-pp39-pypy39_pp73-manylinux_2_17_x86_64.manylinux2014_x86_64.whl", hash = "sha256:94cc3c222bb9fb5a12e334d0479b97bb2df446fbe622b470928f5284ffca3f8d"},
    {file = "numpy-1.26.2-pp39-pypy39_pp73-win_amd64.whl", hash = "sha256:fe6b44fb8fcdf7eda4ef4461b97b3f63c466b27ab151bec2366db8b197387841"},
    {file = "numpy-1.26.2.tar.gz", hash = "sha256:f65738447676ab5777f11e6bbbdb8ce11b785e105f690bc45966574816b6d3ea"},
]

[[package]]
name = "opencv-python"
version = "4.8.1.78"
description = "Wrapper package for OpenCV python bindings."
optional = false
python-versions = ">=3.6"
files = [
    {file = "opencv-python-4.8.1.78.tar.gz", hash = "sha256:cc7adbbcd1112877a39274106cb2752e04984bc01a031162952e97450d6117f6"},
    {file = "opencv_python-4.8.1.78-cp37-abi3-macosx_10_16_x86_64.whl", hash = "sha256:91d5f6f5209dc2635d496f6b8ca6573ecdad051a09e6b5de4c399b8e673c60da"},
    {file = "opencv_python-4.8.1.78-cp37-abi3-macosx_11_0_arm64.whl", hash = "sha256:bc31f47e05447da8b3089faa0a07ffe80e114c91ce0b171e6424f9badbd1c5cd"},
    {file = "opencv_python-4.8.1.78-cp37-abi3-manylinux_2_17_aarch64.manylinux2014_aarch64.whl", hash = "sha256:9814beca408d3a0eca1bae7e3e5be68b07c17ecceb392b94170881216e09b319"},
    {file = "opencv_python-4.8.1.78-cp37-abi3-manylinux_2_17_x86_64.manylinux2014_x86_64.whl", hash = "sha256:c4c406bdb41eb21ea51b4e90dfbc989c002786c3f601c236a99c59a54670a394"},
    {file = "opencv_python-4.8.1.78-cp37-abi3-win32.whl", hash = "sha256:a7aac3900fbacf55b551e7b53626c3dad4c71ce85643645c43e91fcb19045e47"},
    {file = "opencv_python-4.8.1.78-cp37-abi3-win_amd64.whl", hash = "sha256:b983197f97cfa6fcb74e1da1802c7497a6f94ed561aba6980f1f33123f904956"},
]

[package.dependencies]
numpy = {version = ">=1.23.5", markers = "python_version >= \"3.11\""}

[[package]]
name = "packaging"
version = "23.2"
description = "Core utilities for Python packages"
optional = false
python-versions = ">=3.7"
files = [
    {file = "packaging-23.2-py3-none-any.whl", hash = "sha256:8c491190033a9af7e1d931d0b5dacc2ef47509b34dd0de67ed209b5203fc88c7"},
    {file = "packaging-23.2.tar.gz", hash = "sha256:048fb0e9405036518eaaf48a55953c750c11e1a1b68e0dd1a9d62ed0c092cfc5"},
]

[[package]]
name = "pluggy"
version = "1.3.0"
description = "plugin and hook calling mechanisms for python"
optional = false
python-versions = ">=3.8"
files = [
    {file = "pluggy-1.3.0-py3-none-any.whl", hash = "sha256:d89c696a773f8bd377d18e5ecda92b7a3793cbe66c87060a6fb58c7b6e1061f7"},
    {file = "pluggy-1.3.0.tar.gz", hash = "sha256:cf61ae8f126ac6f7c451172cf30e3e43d3ca77615509771b3a984a0730651e12"},
]

[package.extras]
dev = ["pre-commit", "tox"]
testing = ["pytest", "pytest-benchmark"]

[[package]]
name = "pytest"
version = "7.4.4"
description = "pytest: simple powerful testing with Python"
optional = false
python-versions = ">=3.7"
files = [
    {file = "pytest-7.4.4-py3-none-any.whl", hash = "sha256:b090cdf5ed60bf4c45261be03239c2c1c22df034fbffe691abe93cd80cea01d8"},
    {file = "pytest-7.4.4.tar.gz", hash = "sha256:2cf0005922c6ace4a3e2ec8b4080eb0d9753fdc93107415332f50ce9e7994280"},
]

[package.dependencies]
colorama = {version = "*", markers = "sys_platform == \"win32\""}
iniconfig = "*"
packaging = "*"
pluggy = ">=0.12,<2.0"

[package.extras]
testing = ["argcomplete", "attrs (>=19.2.0)", "hypothesis (>=3.56)", "mock", "nose", "pygments (>=2.7.2)", "requests", "setuptools", "xmlschema"]

[[package]]
name = "tqdm"
version = "4.66.1"
description = "Fast, Extensible Progress Meter"
optional = false
python-versions = ">=3.7"
files = [
    {file = "tqdm-4.66.1-py3-none-any.whl", hash = "sha256:d302b3c5b53d47bce91fea46679d9c3c6508cf6332229aa1e7d8653723793386"},
    {file = "tqdm-4.66.1.tar.gz", hash = "sha256:d88e651f9db8d8551a62556d3cff9e3034274ca5d66e93197cf2490e2dcb69c7"},
]

[package.dependencies]
colorama = {version = "*", markers = "platform_system == \"Windows\""}

[package.extras]
dev = ["pytest (>=6)", "pytest-cov", "pytest-timeout", "pytest-xdist"]
notebook = ["ipywidgets (>=6)"]
slack = ["slack-sdk"]
telegram = ["requests"]

[metadata]
lock-version = "2.0"
python-versions = "^3.11"
content-hash = "a8e2579612780d001a8b4f16529bc1228fa7468b921fe525830e1ce47c4a64b7"
